
Microsoft Visual Studio Solution File, Format Version 12.00
# Visual Studio Version 17
VisualStudioVersion = 17.5.33502.453
MinimumVisualStudioVersion = 10.0.40219.1
Project("{FAE04EC0-301F-11D3-BF4B-00C04F79EFBC}") = "RDPassWord", "RDPassWord.csproj", "{DA818B8E-6E1E-4F04-8565-153F2D9F9030}"
EndProject
Global
	GlobalSection(SolutionConfigurationPlatforms) = preSolution
		Debug|Any CPU = Debug|Any CPU
		Release|Any CPU = Release|Any CPU
	EndGlobalSection
	GlobalSection(ProjectConfigurationPlatforms) = postSolution
		{DA818B8E-6E1E-4F04-8565-153F2D9F9030}.Debug|Any CPU.ActiveCfg = Debug|Any CPU
		{DA818B8E-6E1E-4F04-8565-153F2D9F9030}.Debug|Any CPU.Build.0 = Debug|Any CPU
		{DA818B8E-6E1E-4F04-8565-153F2D9F9030}.Release|Any CPU.ActiveCfg = Release|Any CPU
		{DA818B8E-6E1E-4F04-8565-153F2D9F9030}.Release|Any CPU.Build.0 = Release|Any CPU
	EndGlobalSection
	GlobalSection(SolutionProperties) = preSolution
		HideSolutionNode = FALSE
	EndGlobalSection
	GlobalSection(ExtensibilityGlobals) = postSolution
		SolutionGuid = {A1F815F6-AFCC-41C3-9D3C-41E2D97BACB7}
	EndGlobalSection
EndGlobal
